
Microsoft Visual Studio Solution File, Format Version 12.00
# Visual Studio 15
VisualStudioVersion = 15.0.27130.2036
MinimumVisualStudioVersion = 10.0.40219.1
Project("{9A19103F-16F7-4668-BE54-9A1E7A4F7556}") = "Aliyun.MNS", "Aliyun.MNS\Aliyun.MNS.csproj", "{1321D160-E2BB-4C11-A674-A25F01E79B2D}"
EndProject
Project("{FAE04EC0-301F-11D3-BF4B-00C04F79EFBC}") = "Aliyun.MNS.Test", "Aliyun.MNS.Test\Aliyun.MNS.Test.csproj", "{E6D69A8B-CE2F-48CB-A0CA-A712991464EC}"
EndProject
Project("{FAE04EC0-301F-11D3-BF4B-00C04F79EFBC}") = "Aliyun.MNS.Test.Core", "Aliyun.MNS.Test.Core\Aliyun.MNS.Test.Core.csproj", "{35B3D842-EF1A-4FA8-9FFE-0A70F8E95A21}"
EndProject
Global
	GlobalSection(SolutionConfigurationPlatforms) = preSolution
		Debug|Any CPU = Debug|Any CPU
		Release|Any CPU = Release|Any CPU
	EndGlobalSection
	GlobalSection(ProjectConfigurationPlatforms) = postSolution
		{1321D160-E2BB-4C11-A674-A25F01E79B2D}.Debug|Any CPU.ActiveCfg = Debug|Any CPU
		{1321D160-E2BB-4C11-A674-A25F01E79B2D}.Debug|Any CPU.Build.0 = Debug|Any CPU
		{1321D160-E2BB-4C11-A674-A25F01E79B2D}.Release|Any CPU.ActiveCfg = Release|Any CPU
		{1321D160-E2BB-4C11-A674-A25F01E79B2D}.Release|Any CPU.Build.0 = Release|Any CPU
		{E6D69A8B-CE2F-48CB-A0CA-A712991464EC}.Debug|Any CPU.ActiveCfg = Debug|Any CPU
		{E6D69A8B-CE2F-48CB-A0CA-A712991464EC}.Debug|Any CPU.Build.0 = Debug|Any CPU
		{E6D69A8B-CE2F-48CB-A0CA-A712991464EC}.Release|Any CPU.ActiveCfg = Release|Any CPU
		{E6D69A8B-CE2F-48CB-A0CA-A712991464EC}.Release|Any CPU.Build.0 = Release|Any CPU
		{35B3D842-EF1A-4FA8-9FFE-0A70F8E95A21}.Debug|Any CPU.ActiveCfg = Debug|Any CPU
		{35B3D842-EF1A-4FA8-9FFE-0A70F8E95A21}.Debug|Any CPU.Build.0 = Debug|Any CPU
		{35B3D842-EF1A-4FA8-9FFE-0A70F8E95A21}.Release|Any CPU.ActiveCfg = Release|Any CPU
		{35B3D842-EF1A-4FA8-9FFE-0A70F8E95A21}.Release|Any CPU.Build.0 = Release|Any CPU
	EndGlobalSection
	GlobalSection(SolutionProperties) = preSolution
		HideSolutionNode = FALSE
	EndGlobalSection
	GlobalSection(ExtensibilityGlobals) = postSolution
		SolutionGuid = {0B2C1BAD-0DCF-4FD4-A55F-744644D006CA}
	EndGlobalSection
EndGlobal
